Microsoft Visual Studio Solution File, Format Version 12.00
# Visual Studio Version 16
VisualStudioVersion = 16.0.28721.148
MinimumVisualStudioVersion = 10.0.40219.1
Project("{F2A71F9B-5D33-465A-A702-920D77279786}") = "Assembler", "Assembler\Assembler.fsproj", "{4588F220-B657-4C9E-953D-5239D4C1C7A7}"
EndProject
Project("{F2A71F9B-5D33-465A-A702-920D77279786}") = "Assembler.Tests", "Assembler.Tests\Assembler.Tests.fsproj", "{1D4FED7E-D917-434A-8378-91C5C2BA396D}"
EndProject
Project("{F2A71F9B-5D33-465A-A702-920D77279786}") = "Machine", "Machine\Machine.fsproj", "{46503609-F075-431B-8AD1-2E8E77664F86}"
EndProject
Project("{F2A71F9B-5D33-465A-A702-920D77279786}") = "Command", "Command\Command.fsproj", "{CF1EBD45-AAE7-4150-8D46-C0E8BE692A90}"
EndProject
Project("{F2A71F9B-5D33-465A-A702-920D77279786}") = "Machine.Tests", "Machine.Tests\Machine.Tests.fsproj", "{1FD02A3F-4275-472D-8698-C2C8C70AD2A0}"
EndProject
Global
	GlobalSection(SolutionConfigurationPlatforms) = preSolution
		Debug|Any CPU = Debug|Any CPU
		Release|Any CPU = Release|Any CPU
	EndGlobalSection
	GlobalSection(ProjectConfigurationPlatforms) = postSolution
		{4588F220-B657-4C9E-953D-5239D4C1C7A7}.Debug|Any CPU.ActiveCfg = Debug|Any CPU
		{4588F220-B657-4C9E-953D-5239D4C1C7A7}.Debug|Any CPU.Build.0 = Debug|Any CPU
		{4588F220-B657-4C9E-953D-5239D4C1C7A7}.Release|Any CPU.ActiveCfg = Release|Any CPU
		{4588F220-B657-4C9E-953D-5239D4C1C7A7}.Release|Any CPU.Build.0 = Release|Any CPU
		{1D4FED7E-D917-434A-8378-91C5C2BA396D}.Debug|Any CPU.ActiveCfg = Debug|Any CPU
		{1D4FED7E-D917-434A-8378-91C5C2BA396D}.Debug|Any CPU.Build.0 = Debug|Any CPU
		{1D4FED7E-D917-434A-8378-91C5C2BA396D}.Release|Any CPU.ActiveCfg = Release|Any CPU
		{1D4FED7E-D917-434A-8378-91C5C2BA396D}.Release|Any CPU.Build.0 = Release|Any CPU
		{46503609-F075-431B-8AD1-2E8E77664F86}.Debug|Any CPU.ActiveCfg = Debug|Any CPU
		{46503609-F075-431B-8AD1-2E8E77664F86}.Debug|Any CPU.Build.0 = Debug|Any CPU
		{46503609-F075-431B-8AD1-2E8E77664F86}.Release|Any CPU.ActiveCfg = Release|Any CPU
		{46503609-F075-431B-8AD1-2E8E77664F86}.Release|Any CPU.Build.0 = Release|Any CPU
		{CF1EBD45-AAE7-4150-8D46-C0E8BE692A90}.Debug|Any CPU.ActiveCfg = Debug|Any CPU
		{CF1EBD45-AAE7-4150-8D46-C0E8BE692A90}.Debug|Any CPU.Build.0 = Debug|Any CPU
		{CF1EBD45-AAE7-4150-8D46-C0E8BE692A90}.Release|Any CPU.ActiveCfg = Release|Any CPU
		{CF1EBD45-AAE7-4150-8D46-C0E8BE692A90}.Release|Any CPU.Build.0 = Release|Any CPU
		{1FD02A3F-4275-472D-8698-C2C8C70AD2A0}.Debug|Any CPU.ActiveCfg = Debug|Any CPU
		{1FD02A3F-4275-472D-8698-C2C8C70AD2A0}.Debug|Any CPU.Build.0 = Debug|Any CPU
		{1FD02A3F-4275-472D-8698-C2C8C70AD2A0}.Release|Any CPU.ActiveCfg = Release|Any CPU
		{1FD02A3F-4275-472D-8698-C2C8C70AD2A0}.Release|Any CPU.Build.0 = Release|Any CPU
	EndGlobalSection
	GlobalSection(SolutionProperties) = preSolution
		HideSolutionNode = FALSE
	EndGlobalSection
	GlobalSection(ExtensibilityGlobals) = postSolution
		SolutionGuid = {F94916FF-EBB6-47B4-9F0D-BEDA482C2733}
	EndGlobalSection
EndGlobal
