
Microsoft Visual Studio Solution File, Format Version 12.00
# Visual Studio 15
Project("{F2A71F9B-5D33-465A-A702-920D77279786}") = "StackMachines", "StackMachines\StackMachines.fsproj", "{BCF3E40A-F7D9-439D-A17B-2EBBAEBE5395}"
EndProject
Project("{F2A71F9B-5D33-465A-A702-920D77279786}") = "StackMachines.Tests", "StackMachines.Tests\StackMachines.Tests.fsproj", "{6CF8DB13-AD91-4D8F-82BE-EB59D3808DD7}"
EndProject
Global
	GlobalSection(SolutionConfigurationPlatforms) = preSolution
		Debug|Any CPU = Debug|Any CPU
		Release|Any CPU = Release|Any CPU
	EndGlobalSection
	GlobalSection(ProjectConfigurationPlatforms) = postSolution
		{BCF3E40A-F7D9-439D-A17B-2EBBAEBE5395}.Debug|Any CPU.ActiveCfg = Debug|Any CPU
		{BCF3E40A-F7D9-439D-A17B-2EBBAEBE5395}.Debug|Any CPU.Build.0 = Debug|Any CPU
		{BCF3E40A-F7D9-439D-A17B-2EBBAEBE5395}.Release|Any CPU.ActiveCfg = Release|Any CPU
		{BCF3E40A-F7D9-439D-A17B-2EBBAEBE5395}.Release|Any CPU.Build.0 = Release|Any CPU
		{6CF8DB13-AD91-4D8F-82BE-EB59D3808DD7}.Debug|Any CPU.ActiveCfg = Debug|Any CPU
		{6CF8DB13-AD91-4D8F-82BE-EB59D3808DD7}.Debug|Any CPU.Build.0 = Debug|Any CPU
		{6CF8DB13-AD91-4D8F-82BE-EB59D3808DD7}.Release|Any CPU.ActiveCfg = Release|Any CPU
		{6CF8DB13-AD91-4D8F-82BE-EB59D3808DD7}.Release|Any CPU.Build.0 = Release|Any CPU
	EndGlobalSection
EndGlobal
